// !$*UTF8*$!
{
	archiveVersion = 1;
	classes = {
	};
	objectVersion = 46;
	objects = {

/* Begin PBXBuildFile section */
		039F7F5E1EB879550039438E /* Brainloller.swift in Sources */ = {isa = PBXBuildFile; fileRef = 039F7F5D1EB879550039438E /* Brainloller.swift */; };
		039F7F631EB89F460039438E /* fibonacci.png in Resources */ = {isa = PBXBuildFile; fileRef = 039F7F621EB89F460039438E /* fibonacci.png */; };
		039F7F641EB8A0240039438E /* Brainloller.swift in Sources */ = {isa = PBXBuildFile; fileRef = 039F7F5D1EB879550039438E /* Brainloller.swift */; };
		03AC7DA71EB7C58F00298CDB /* main.swift in Sources */ = {isa = PBXBuildFile; fileRef = 03AC7DA61EB7C58F00298CDB /* main.swift */; };
		03AC7DB41EB7C5B500298CDB /* BrainfuckTests.swift in Sources */ = {isa = PBXBuildFile; fileRef = 03AC7DB31EB7C5B500298CDB /* BrainfuckTests.swift */; };
		03AC7DBA1EB7C5E500298CDB /* Brainfuck.swift in Sources */ = {isa = PBXBuildFile; fileRef = 03AC7DB91EB7C5E500298CDB /* Brainfuck.swift */; };
		03AC7DBB1EB7C5E500298CDB /* Brainfuck.swift in Sources */ = {isa = PBXBuildFile; fileRef = 03AC7DB91EB7C5E500298CDB /* Brainfuck.swift */; };
/* End PBXBuildFile section */

/* Begin PBXCopyFilesBuildPhase section */
		03AC7DA11EB7C58F00298CDB /* CopyFiles */ = {
			isa = PBXCopyFilesBuildPhase;
			buildActionMask = 2147483647;
			dstPath = /usr/share/man/man1/;
			dstSubfolderSpec = 0;
			files = (
			);
			runOnlyForDeploymentPostprocessing = 1;
		};
/* End PBXCopyFilesBuildPhase section */

/* Begin PBXFileReference section */
		039F7F5D1EB879550039438E /* Brainloller.swift */ = {isa = PBXFileReference; fileEncoding = 4; lastKnownFileType = sourcecode.swift; path = Brainloller.swift; sourceTree = "<group>"; };
		039F7F621EB89F460039438E /* fibonacci.png */ = {isa = PBXFileReference; lastKnownFileType = image.png; path = fibonacci.png; sourceTree = "<group>"; };
		03AC7DA31EB7C58F00298CDB /* Brainfuck */ = {isa = PBXFileReference; explicitFileType = "compiled.mach-o.executable"; includeInIndex = 0; path = Brainfuck; sourceTree = BUILT_PRODUCTS_DIR; };
		03AC7DA61EB7C58F00298CDB /* main.swift */ = {isa = PBXFileReference; lastKnownFileType = sourcecode.swift; path = main.swift; sourceTree = "<group>"; };
		03AC7DB11EB7C5B500298CDB /* BrainfuckTests.xctest */ = {isa = PBXFileReference; explicitFileType = wrapper.cfbundle; includeInIndex = 0; path = BrainfuckTests.xctest; sourceTree = BUILT_PRODUCTS_DIR; };
		03AC7DB31EB7C5B500298CDB /* BrainfuckTests.swift */ = {isa = PBXFileReference; lastKnownFileType = sourcecode.swift; path = BrainfuckTests.swift; sourceTree = "<group>"; };
		03AC7DB51EB7C5B500298CDB /* Info.plist */ = {isa = PBXFileReference; lastKnownFileType = text.plist.xml; path = Info.plist; sourceTree = "<group>"; };
		03AC7DB91EB7C5E500298CDB /* Brainfuck.swift */ = {isa = PBXFileReference; fileEncoding = 4; lastKnownFileType = sourcecode.swift; path = Brainfuck.swift; sourceTree = "<group>"; };
/* End PBXFileReference section */

/* Begin PBXFrameworksBuildPhase section */
		03AC7DA01EB7C58F00298CDB /* Frameworks */ = {
			isa = PBXFrameworksBuildPhase;
			buildActionMask = 2147483647;
			files = (
			);
			runOnlyForDeploymentPostprocessing = 0;
		};
		03AC7DAE1EB7C5B500298CDB /* Frameworks */ = {
			isa = PBXFrameworksBuildPhase;
			buildActionMask = 2147483647;
			files = (
			);
			runOnlyForDeploymentPostprocessing = 0;
		};
/* End PBXFrameworksBuildPhase section */

/* Begin PBXGroup section */
		03AC7D9A1EB7C58F00298CDB = {
			isa = PBXGroup;
			children = (
				03AC7DA51EB7C58F00298CDB /* Brainfuck */,
				03AC7DB21EB7C5B500298CDB /* BrainfuckTests */,
				03AC7DA41EB7C58F00298CDB /* Products */,
			);
			sourceTree = "<group>";
		};
		03AC7DA41EB7C58F00298CDB /* Products */ = {
			isa = PBXGroup;
			children = (
				03AC7DA31EB7C58F00298CDB /* Brainfuck */,
				03AC7DB11EB7C5B500298CDB /* BrainfuckTests.xctest */,
			);
			name = Products;
			sourceTree = "<group>";
		};
		03AC7DA51EB7C58F00298CDB /* Brainfuck */ = {
			isa = PBXGroup;
			children = (
				03AC7DB91EB7C5E500298CDB /* Brainfuck.swift */,
				039F7F5D1EB879550039438E /* Brainloller.swift */,
				03AC7DA61EB7C58F00298CDB /* main.swift */,
			);
			path = Brainfuck;
			sourceTree = "<group>";
		};
		03AC7DB21EB7C5B500298CDB /* BrainfuckTests */ = {
			isa = PBXGroup;
			children = (
				03AC7DB31EB7C5B500298CDB /* BrainfuckTests.swift */,
				039F7F621EB89F460039438E /* fibonacci.png */,
				03AC7DB51EB7C5B500298CDB /* Info.plist */,
			);
			path = BrainfuckTests;
			sourceTree = "<group>";
		};
/* End PBXGroup section */

/* Begin PBXNativeTarget section */
		03AC7DA21EB7C58F00298CDB /* Brainfuck */ = {
			isa = PBXNativeTarget;
			buildConfigurationList = 03AC7DAA1EB7C58F00298CDB /* Build configuration list for PBXNativeTarget "Brainfuck" */;
			buildPhases = (
				03AC7D9F1EB7C58F00298CDB /* Sources */,
				03AC7DA01EB7C58F00298CDB /* Frameworks */,
				03AC7DA11EB7C58F00298CDB /* CopyFiles */,
			);
			buildRules = (
			);
			dependencies = (
			);
			name = Brainfuck;
			productName = Brainfuck;
			productReference = 03AC7DA31EB7C58F00298CDB /* Brainfuck */;
			productType = "com.apple.product-type.tool";
		};
		03AC7DB01EB7C5B500298CDB /* BrainfuckTests */ = {
			isa = PBXNativeTarget;
			buildConfigurationList = 03AC7DB61EB7C5B500298CDB /* Build configuration list for PBXNativeTarget "BrainfuckTests" */;
			buildPhases = (
				03AC7DAD1EB7C5B500298CDB /* Sources */,
				03AC7DAE1EB7C5B500298CDB /* Frameworks */,
				03AC7DAF1EB7C5B500298CDB /* Resources */,
			);
			buildRules = (
			);
			dependencies = (
			);
			name = BrainfuckTests;
			productName = BrainfuckTests;
			productReference = 03AC7DB11EB7C5B500298CDB /* BrainfuckTests.xctest */;
			productType = "com.apple.product-type.bundle.unit-test";
		};
/* End PBXNativeTarget section */

/* Begin PBXProject section */
		03AC7D9B1EB7C58F00298CDB /* Project object */ = {
			isa = PBXProject;
			attributes = {
				LastSwiftUpdateCheck = 0820;
				LastUpgradeCheck = 0820;
				ORGANIZATIONNAME = "Nicolas Seriot";
				TargetAttributes = {
					03AC7DA21EB7C58F00298CDB = {
						CreatedOnToolsVersion = 8.2.1;
						DevelopmentTeam = VBYRKYS73S;
						ProvisioningStyle = Automatic;
					};
					03AC7DB01EB7C5B500298CDB = {
						CreatedOnToolsVersion = 8.2.1;
						DevelopmentTeam = VBYRKYS73S;
						ProvisioningStyle = Automatic;
					};
				};
			};
			buildConfigurationList = 03AC7D9E1EB7C58F00298CDB /* Build configuration list for PBXProject "Brainfuck" */;
			compatibilityVersion = "Xcode 3.2";
			developmentRegion = English;
			hasScannedForEncodings = 0;
			knownRegions = (
				en,
			);
			mainGroup = 03AC7D9A1EB7C58F00298CDB;
			productRefGroup = 03AC7DA41EB7C58F00298CDB /* Products */;
			projectDirPath = "";
			projectRoot = "";
			targets = (
				03AC7DA21EB7C58F00298CDB /* Brainfuck */,
				03AC7DB01EB7C5B500298CDB /* BrainfuckTests */,
			);
		};
/* End PBXProject section */

/* Begin PBXResourcesBuildPhase section */
		03AC7DAF1EB7C5B500298CDB /* Resources */ = {
			isa = PBXResourcesBuildPhase;
			buildActionMask = 2147483647;
			files = (
				039F7F631EB89F460039438E /* fibonacci.png in Resources */,
			);
			runOnlyForDeploymentPostprocessing = 0;
		};
/* End PBXResourcesBuildPhase section */

/* Begin PBXSourcesBuildPhase section */
		03AC7D9F1EB7C58F00298CDB /* Sources */ = {
			isa = PBXSourcesBuildPhase;
			buildActionMask = 2147483647;
			files = (
				039F7F5E1EB879550039438E /* Brainloller.swift in Sources */,
				03AC7DBA1EB7C5E500298CDB /* Brainfuck.swift in Sources */,
				03AC7DA71EB7C58F00298CDB /* main.swift in Sources */,
			);
			runOnlyForDeploymentPostprocessing = 0;
		};
		03AC7DAD1EB7C5B500298CDB /* Sources */ = {
			isa = PBXSourcesBuildPhase;
			buildActionMask = 2147483647;
			files = (
				039F7F641EB8A0240039438E /* Brainloller.swift in Sources */,
				03AC7DBB1EB7C5E500298CDB /* Brainfuck.swift in Sources */,
				03AC7DB41EB7C5B500298CDB /* BrainfuckTests.swift in Sources */,
			);
			runOnlyForDeploymentPostprocessing = 0;
		};
/* End PBXSourcesBuildPhase section */

/* Begin XCBuildConfiguration section */
		03AC7DA81EB7C58F00298CDB /* Debug */ = {
			isa = XCBuildConfiguration;
			buildSettings = {
				ALWAYS_SEARCH_USER_PATHS = NO;
				CLANG_ANALYZER_NONNULL = YES;
				CLANG_CXX_LANGUAGE_STANDARD = "gnu++0x";
				CLANG_CXX_LIBRARY = "libc++";
				CLANG_ENABLE_MODULES = YES;
				CLANG_ENABLE_OBJC_ARC = YES;
				CLANG_WARN_BOOL_CONVERSION = YES;
				CLANG_WARN_CONSTANT_CONVERSION = YES;
				CLANG_WARN_DIRECT_OBJC_ISA_USAGE = YES_ERROR;
				CLANG_WARN_DOCUMENTATION_COMMENTS = YES;
				CLANG_WARN_EMPTY_BODY = YES;
				CLANG_WARN_ENUM_CONVERSION = YES;
				CLANG_WARN_INFINITE_RECURSION = YES;
				CLANG_WARN_INT_CONVERSION = YES;
				CLANG_WARN_OBJC_ROOT_CLASS = YES_ERROR;
				CLANG_WARN_SUSPICIOUS_MOVE = YES;
				CLANG_WARN_UNREACHABLE_CODE = YES;
				CLANG_WARN__DUPLICATE_METHOD_MATCH = YES;
				CODE_SIGN_IDENTITY = "-";
				COPY_PHASE_STRIP = NO;
				DEBUG_INFORMATION_FORMAT = dwarf;
				ENABLE_STRICT_OBJC_MSGSEND = YES;
				ENABLE_TESTABILITY = YES;
				GCC_C_LANGUAGE_STANDARD = gnu99;
				GCC_DYNAMIC_NO_PIC = NO;
				GCC_NO_COMMON_BLOCKS = YES;
				GCC_OPTIMIZATION_LEVEL = 0;
				GCC_PREPROCESSOR_DEFINITIONS = (
					"DEBUG=1",
					"$(inherited)",
				);
				GCC_WARN_64_TO_32_BIT_CONVERSION = YES;
				GCC_WARN_ABOUT_RETURN_TYPE = YES_ERROR;
				GCC_WARN_UNDECLARED_SELECTOR = YES;
				GCC_WARN_UNINITIALIZED_AUTOS = YES_AGGRESSIVE;
				GCC_WARN_UNUSED_FUNCTION = YES;
				GCC_WARN_UNUSED_VARIABLE = YES;
				MACOSX_DEPLOYMENT_TARGET = 10.12;
				MTL_ENABLE_DEBUG_INFO = YES;
				ONLY_ACTIVE_ARCH = YES;
				SDKROOT = macosx;
				SWIFT_OPTIMIZATION_LEVEL = "-Onone";
			};
			name = Debug;
		};
		03AC7DA91EB7C58F00298CDB /* Release */ = {
			isa = XCBuildConfiguration;
			buildSettings = {
				ALWAYS_SEARCH_USER_PATHS = NO;
				CLANG_ANALYZER_NONNULL = YES;
				CLANG_CXX_LANGUAGE_STANDARD = "gnu++0x";
				CLANG_CXX_LIBRARY = "libc++";
				CLANG_ENABLE_MODULES = YES;
				CLANG_ENABLE_OBJC_ARC = YES;
				CLANG_WARN_BOOL_CONVERSION = YES;
				CLANG_WARN_CONSTANT_CONVERSION = YES;
				CLANG_WARN_DIRECT_OBJC_ISA_USAGE = YES_ERROR;
				CLANG_WARN_DOCUMENTATION_COMMENTS = YES;
				CLANG_WARN_EMPTY_BODY = YES;
				CLANG_WARN_ENUM_CONVERSION = YES;
				CLANG_WARN_INFINITE_RECURSION = YES;
				CLANG_WARN_INT_CONVERSION = YES;
				CLANG_WARN_OBJC_ROOT_CLASS = YES_ERROR;
				CLANG_WARN_SUSPICIOUS_MOVE = YES;
				CLANG_WARN_UNREACHABLE_CODE = YES;
				CLANG_WARN__DUPLICATE_METHOD_MATCH = YES;
				CODE_SIGN_IDENTITY = "-";
				COPY_PHASE_STRIP = NO;
				DEBUG_INFORMATION_FORMAT = "dwarf-with-dsym";
				ENABLE_NS_ASSERTIONS = NO;
				ENABLE_STRICT_OBJC_MSGSEND = YES;
				GCC_C_LANGUAGE_STANDARD = gnu99;
				GCC_NO_COMMON_BLOCKS = YES;
				GCC_WARN_64_TO_32_BIT_CONVERSION = YES;
				GCC_WARN_ABOUT_RETURN_TYPE = YES_ERROR;
				GCC_WARN_UNDECLARED_SELECTOR = YES;
				GCC_WARN_UNINITIALIZED_AUTOS = YES_AGGRESSIVE;
				GCC_WARN_UNUSED_FUNCTION = YES;
				GCC_WARN_UNUSED_VARIABLE = YES;
				MACOSX_DEPLOYMENT_TARGET = 10.12;
				MTL_ENABLE_DEBUG_INFO = NO;
				SDKROOT = macosx;
			};
			name = Release;
		};
		03AC7DAB1EB7C58F00298CDB /* Debug */ = {
			isa = XCBuildConfiguration;
			buildSettings = {
				DEVELOPMENT_TEAM = VBYRKYS73S;
				PRODUCT_NAME = "$(TARGET_NAME)";
				SWIFT_VERSION = 3.0;
			};
			name = Debug;
		};
		03AC7DAC1EB7C58F00298CDB /* Release */ = {
			isa = XCBuildConfiguration;
			buildSettings = {
				DEVELOPMENT_TEAM = VBYRKYS73S;
				PRODUCT_NAME = "$(TARGET_NAME)";
				SWIFT_VERSION = 3.0;
			};
			name = Release;
		};
		03AC7DB71EB7C5B500298CDB /* Debug */ = {
			isa = XCBuildConfiguration;
			buildSettings = {
				COMBINE_HIDPI_IMAGES = YES;
				DEVELOPMENT_TEAM = VBYRKYS73S;
				INFOPLIST_FILE = BrainfuckTests/Info.plist;
				LD_RUNPATH_SEARCH_PATHS = "$(inherited) @executable_path/../Frameworks @loader_path/../Frameworks";
				PRODUCT_BUNDLE_IDENTIFIER = ch.seriot.BrainfuckTests;
				PRODUCT_NAME = "$(TARGET_NAME)";
				SWIFT_ACTIVE_COMPILATION_CONDITIONS = DEBUG;
				SWIFT_VERSION = 3.0;
			};
			name = Debug;
		};
		03AC7DB81EB7C5B500298CDB /* Release */ = {
			isa = XCBuildConfiguration;
			buildSettings = {
				COMBINE_HIDPI_IMAGES = YES;
				DEVELOPMENT_TEAM = VBYRKYS73S;
				INFOPLIST_FILE = BrainfuckTests/Info.plist;
				LD_RUNPATH_SEARCH_PATHS = "$(inherited) @executable_path/../Frameworks @loader_path/../Frameworks";
				PRODUCT_BUNDLE_IDENTIFIER = ch.seriot.BrainfuckTests;
				PRODUCT_NAME = "$(TARGET_NAME)";
				SWIFT_OPTIMIZATION_LEVEL = "-Owholemodule";
				SWIFT_VERSION = 3.0;
			};
			name = Release;
		};
/* End XCBuildConfiguration section */

/* Begin XCConfigurationList section */
		03AC7D9E1EB7C58F00298CDB /* Build configuration list for PBXProject "Brainfuck" */ = {
			isa = XCConfigurationList;
			buildConfigurations = (
				03AC7DA81EB7C58F00298CDB /* Debug */,
				03AC7DA91EB7C58F00298CDB /* Release */,
			);
			defaultConfigurationIsVisible = 0;
			defaultConfigurationName = Release;
		};
		03AC7DAA1EB7C58F00298CDB /* Build configuration list for PBXNativeTarget "Brainfuck" */ = {
			isa = XCConfigurationList;
			buildConfigurations = (
				03AC7DAB1EB7C58F00298CDB /* Debug */,
				03AC7DAC1EB7C58F00298CDB /* Release */,
			);
			defaultConfigurationIsVisible = 0;
			defaultConfigurationName = Release;
		};
		03AC7DB61EB7C5B500298CDB /* Build configuration list for PBXNativeTarget "BrainfuckTests" */ = {
			isa = XCConfigurationList;
			buildConfigurations = (
				03AC7DB71EB7C5B500298CDB /* Debug */,
				03AC7DB81EB7C5B500298CDB /* Release */,
			);
			defaultConfigurationIsVisible = 0;
			defaultConfigurationName = Release;
		};
/* End XCConfigurationList section */
	};
	rootObject = 03AC7D9B1EB7C58F00298CDB /* Project object */;
}
